// !$*UTF8*$!
{
	archiveVersion = 1;
	classes = {
	};
	objectVersion = 46;
	objects = {

/* Begin PBXBuildFile section */
		A9151C271A18752400857356 /* DrawingViewController.swift in Sources */ = {isa = PBXBuildFile; fileRef = A9151C261A18752400857356 /* DrawingViewController.swift */; };
		A99075241A18211800F245AC /* AppDelegate.swift in Sources */ = {isa = PBXBuildFile; fileRef = A99075231A18211800F245AC /* AppDelegate.swift */; };
		A99075261A18211800F245AC /* ViewController.swift in Sources */ = {isa = PBXBuildFile; fileRef = A99075251A18211800F245AC /* ViewController.swift */; };
		A99075291A18211800F245AC /* Main.storyboard in Resources */ = {isa = PBXBuildFile; fileRef = A99075271A18211800F245AC /* Main.storyboard */; };
		A990752B1A18211800F245AC /* Images.xcassets in Resources */ = {isa = PBXBuildFile; fileRef = A990752A1A18211800F245AC /* Images.xcassets */; };
		A990752E1A18211800F245AC /* LaunchScreen.xib in Resources */ = {isa = PBXBuildFile; fileRef = A990752C1A18211800F245AC /* LaunchScreen.xib */; };
		A990753A1A18211800F245AC /* uDrawTests.swift in Sources */ = {isa = PBXBuildFile; fileRef = A99075391A18211800F245AC /* uDrawTests.swift */; };
		A99075441A183CBD00F245AC /* MultipeerConnectivity.framework in Frameworks */ = {isa = PBXBuildFile; fileRef = A99075431A183CBD00F245AC /* MultipeerConnectivity.framework */; };
		A99075461A18410400F245AC /* MCManager.swift in Sources */ = {isa = PBXBuildFile; fileRef = A99075451A18410400F245AC /* MCManager.swift */; };
		A9C08BF71A193CCE00D51447 /* GuessViewController.swift in Sources */ = {isa = PBXBuildFile; fileRef = A9C08BF61A193CCE00D51447 /* GuessViewController.swift */; };
/* End PBXBuildFile section */

/* Begin PBXContainerItemProxy section */
		A99075341A18211800F245AC /* PBXContainerItemProxy */ = {
			isa = PBXContainerItemProxy;
			containerPortal = A99075161A18211800F245AC /* Project object */;
			proxyType = 1;
			remoteGlobalIDString = A990751D1A18211800F245AC;
			remoteInfo = uDraw;
		};
/* End PBXContainerItemProxy section */

/* Begin PBXFileReference section */
		A9151C261A18752400857356 /* DrawingViewController.swift */ = {isa = PBXFileReference; fileEncoding = 4; lastKnownFileType = sourcecode.swift; path = DrawingViewController.swift; sourceTree = "<group>"; };
		A990751E1A18211800F245AC /* uDraw.app */ = {isa = PBXFileReference; explicitFileType = wrapper.application; includeInIndex = 0; path = uDraw.app; sourceTree = BUILT_PRODUCTS_DIR; };
		A99075221A18211800F245AC /* Info.plist */ = {isa = PBXFileReference; lastKnownFileType = text.plist.xml; path = Info.plist; sourceTree = "<group>"; };
		A99075231A18211800F245AC /* AppDelegate.swift */ = {isa = PBXFileReference; lastKnownFileType = sourcecode.swift; path = AppDelegate.swift; sourceTree = "<group>"; };
		A99075251A18211800F245AC /* ViewController.swift */ = {isa = PBXFileReference; lastKnownFileType = sourcecode.swift; path = ViewController.swift; sourceTree = "<group>"; };
		A99075281A18211800F245AC /* Base */ = {isa = PBXFileReference; lastKnownFileType = file.storyboard; name = Base; path = Base.lproj/Main.storyboard; sourceTree = "<group>"; };
		A990752A1A18211800F245AC /* Images.xcassets */ = {isa = PBXFileReference; lastKnownFileType = folder.assetcatalog; path = Images.xcassets; sourceTree = "<group>"; };
		A990752D1A18211800F245AC /* Base */ = {isa = PBXFileReference; lastKnownFileType = file.xib; name = Base; path = Base.lproj/LaunchScreen.xib; sourceTree = "<group>"; };
		A99075331A18211800F245AC /* uDrawTests.xctest */ = {isa = PBXFileReference; explicitFileType = wrapper.cfbundle; includeInIndex = 0; path = uDrawTests.xctest; sourceTree = BUILT_PRODUCTS_DIR; };
		A99075381A18211800F245AC /* Info.plist */ = {isa = PBXFileReference; lastKnownFileType = text.plist.xml; path = Info.plist; sourceTree = "<group>"; };
		A99075391A18211800F245AC /* uDrawTests.swift */ = {isa = PBXFileReference; lastKnownFileType = sourcecode.swift; path = uDrawTests.swift; sourceTree = "<group>"; };
		A99075431A183CBD00F245AC /* MultipeerConnectivity.framework */ = {isa = PBXFileReference; lastKnownFileType = wrapper.framework; name = MultipeerConnectivity.framework; path = System/Library/Frameworks/MultipeerConnectivity.framework; sourceTree = SDKROOT; };
		A99075451A18410400F245AC /* MCManager.swift */ = {isa = PBXFileReference; fileEncoding = 4; lastKnownFileType = sourcecode.swift; path = MCManager.swift; sourceTree = "<group>"; };
		A9C08BF61A193CCE00D51447 /* GuessViewController.swift */ = {isa = PBXFileReference; fileEncoding = 4; lastKnownFileType = sourcecode.swift; path = GuessViewController.swift; sourceTree = "<group>"; };
/* End PBXFileReference section */

/* Begin PBXFrameworksBuildPhase section */
		A990751B1A18211800F245AC /* Frameworks */ = {
			isa = PBXFrameworksBuildPhase;
			buildActionMask = 2147483647;
			files = (
				A99075441A183CBD00F245AC /* MultipeerConnectivity.framework in Frameworks */,
			);
			runOnlyForDeploymentPostprocessing = 0;
		};
		A99075301A18211800F245AC /* Frameworks */ = {
			isa = PBXFrameworksBuildPhase;
			buildActionMask = 2147483647;
			files = (
			);
			runOnlyForDeploymentPostprocessing = 0;
		};
/* End PBXFrameworksBuildPhase section */

/* Begin PBXGroup section */
		A99075151A18211800F245AC = {
			isa = PBXGroup;
			children = (
				A99075431A183CBD00F245AC /* MultipeerConnectivity.framework */,
				A99075201A18211800F245AC /* uDraw */,
				A99075361A18211800F245AC /* uDrawTests */,
				A990751F1A18211800F245AC /* Products */,
			);
			sourceTree = "<group>";
		};
		A990751F1A18211800F245AC /* Products */ = {
			isa = PBXGroup;
			children = (
				A990751E1A18211800F245AC /* uDraw.app */,
				A99075331A18211800F245AC /* uDrawTests.xctest */,
			);
			name = Products;
			sourceTree = "<group>";
		};
		A99075201A18211800F245AC /* uDraw */ = {
			isa = PBXGroup;
			children = (
				A99075231A18211800F245AC /* AppDelegate.swift */,
				A99075251A18211800F245AC /* ViewController.swift */,
				A9151C261A18752400857356 /* DrawingViewController.swift */,
				A9C08BF61A193CCE00D51447 /* GuessViewController.swift */,
				A99075451A18410400F245AC /* MCManager.swift */,
				A99075271A18211800F245AC /* Main.storyboard */,
				A990752A1A18211800F245AC /* Images.xcassets */,
				A990752C1A18211800F245AC /* LaunchScreen.xib */,
				A99075211A18211800F245AC /* Supporting Files */,
			);
			path = uDraw;
			sourceTree = "<group>";
		};
		A99075211A18211800F245AC /* Supporting Files */ = {
			isa = PBXGroup;
			children = (
				A99075221A18211800F245AC /* Info.plist */,
			);
			name = "Supporting Files";
			sourceTree = "<group>";
		};
		A99075361A18211800F245AC /* uDrawTests */ = {
			isa = PBXGroup;
			children = (
				A99075391A18211800F245AC /* uDrawTests.swift */,
				A99075371A18211800F245AC /* Supporting Files */,
			);
			path = uDrawTests;
			sourceTree = "<group>";
		};
		A99075371A18211800F245AC /* Supporting Files */ = {
			isa = PBXGroup;
			children = (
				A99075381A18211800F245AC /* Info.plist */,
			);
			name = "Supporting Files";
			sourceTree = "<group>";
		};
/* End PBXGroup section */

/* Begin PBXNativeTarget section */
		A990751D1A18211800F245AC /* uDraw */ = {
			isa = PBXNativeTarget;
			buildConfigurationList = A990753D1A18211800F245AC /* Build configuration list for PBXNativeTarget "uDraw" */;
			buildPhases = (
				A990751A1A18211800F245AC /* Sources */,
				A990751B1A18211800F245AC /* Frameworks */,
				A990751C1A18211800F245AC /* Resources */,
			);
			buildRules = (
			);
			dependencies = (
			);
			name = uDraw;
			productName = uDraw;
			productReference = A990751E1A18211800F245AC /* uDraw.app */;
			productType = "com.apple.product-type.application";
		};
		A99075321A18211800F245AC /* uDrawTests */ = {
			isa = PBXNativeTarget;
			buildConfigurationList = A99075401A18211800F245AC /* Build configuration list for PBXNativeTarget "uDrawTests" */;
			buildPhases = (
				A990752F1A18211800F245AC /* Sources */,
				A99075301A18211800F245AC /* Frameworks */,
				A99075311A18211800F245AC /* Resources */,
			);
			buildRules = (
			);
			dependencies = (
				A99075351A18211800F245AC /* PBXTargetDependency */,
			);
			name = uDrawTests;
			productName = uDrawTests;
			productReference = A99075331A18211800F245AC /* uDrawTests.xctest */;
			productType = "com.apple.product-type.bundle.unit-test";
		};
/* End PBXNativeTarget section */

/* Begin PBXProject section */
		A99075161A18211800F245AC /* Project object */ = {
			isa = PBXProject;
			attributes = {
				LastSwiftMigration = 0700;
				LastSwiftUpdateCheck = 0700;
				LastUpgradeCheck = 0900;
				ORGANIZATIONNAME = BlueStars;
				TargetAttributes = {
					A990751D1A18211800F245AC = {
						CreatedOnToolsVersion = 6.1;
						DevelopmentTeam = CBKB3CSGF9;
						LastSwiftMigration = 0830;
					};
					A99075321A18211800F245AC = {
						CreatedOnToolsVersion = 6.1;
						DevelopmentTeam = CBKB3CSGF9;
						LastSwiftMigration = 0830;
						TestTargetID = A990751D1A18211800F245AC;
					};
				};
			};
			buildConfigurationList = A99075191A18211800F245AC /* Build configuration list for PBXProject "uDraw" */;
			compatibilityVersion = "Xcode 3.2";
			developmentRegion = English;
			hasScannedForEncodings = 0;
			knownRegions = (
				en,
				Base,
			);
			mainGroup = A99075151A18211800F245AC;
			productRefGroup = A990751F1A18211800F245AC /* Products */;
			projectDirPath = "";
			projectRoot = "";
			targets = (
				A990751D1A18211800F245AC /* uDraw */,
				A99075321A18211800F245AC /* uDrawTests */,
			);
		};
/* End PBXProject section */

/* Begin PBXResourcesBuildPhase section */
		A990751C1A18211800F245AC /* Resources */ = {
			isa = PBXResourcesBuildPhase;
			buildActionMask = 2147483647;
			files = (
				A99075291A18211800F245AC /* Main.storyboard in Resources */,
				A990752E1A18211800F245AC /* LaunchScreen.xib in Resources */,
				A990752B1A18211800F245AC /* Images.xcassets in Resources */,
			);
			runOnlyForDeploymentPostprocessing = 0;
		};
		A99075311A18211800F245AC /* Resources */ = {
			isa = PBXResourcesBuildPhase;
			buildActionMask = 2147483647;
			files = (
			);
			runOnlyForDeploymentPostprocessing = 0;
		};
/* End PBXResourcesBuildPhase section */

/* Begin PBXSourcesBuildPhase section */
		A990751A1A18211800F245AC /* Sources */ = {
			isa = PBXSourcesBuildPhase;
			buildActionMask = 2147483647;
			files = (
				A99075261A18211800F245AC /* ViewController.swift in Sources */,
				A9C08BF71A193CCE00D51447 /* GuessViewController.swift in Sources */,
				A9151C271A18752400857356 /* DrawingViewController.swift in Sources */,
				A99075241A18211800F245AC /* AppDelegate.swift in Sources */,
				A99075461A18410400F245AC /* MCManager.swift in Sources */,
			);
			runOnlyForDeploymentPostprocessing = 0;
		};
		A990752F1A18211800F245AC /* Sources */ = {
			isa = PBXSourcesBuildPhase;
			buildActionMask = 2147483647;
			files = (
				A990753A1A18211800F245AC /* uDrawTests.swift in Sources */,
			);
			runOnlyForDeploymentPostprocessing = 0;
		};
/* End PBXSourcesBuildPhase section */

/* Begin PBXTargetDependency section */
		A99075351A18211800F245AC /* PBXTargetDependency */ = {
			isa = PBXTargetDependency;
			target = A990751D1A18211800F245AC /* uDraw */;
			targetProxy = A99075341A18211800F245AC /* PBXContainerItemProxy */;
		};
/* End PBXTargetDependency section */

/* Begin PBXVariantGroup section */
		A99075271A18211800F245AC /* Main.storyboard */ = {
			isa = PBXVariantGroup;
			children = (
				A99075281A18211800F245AC /* Base */,
			);
			name = Main.storyboard;
			sourceTree = "<group>";
		};
		A990752C1A18211800F245AC /* LaunchScreen.xib */ = {
			isa = PBXVariantGroup;
			children = (
				A990752D1A18211800F245AC /* Base */,
			);
			name = LaunchScreen.xib;
			sourceTree = "<group>";
		};
/* End PBXVariantGroup section */

/* Begin XCBuildConfiguration section */
		A990753B1A18211800F245AC /* Debug */ = {
			isa = XCBuildConfiguration;
			buildSettings = {
				ALWAYS_SEARCH_USER_PATHS = NO;
				CLANG_CXX_LANGUAGE_STANDARD = "gnu++0x";
				CLANG_CXX_LIBRARY = "libc++";
				CLANG_ENABLE_MODULES = YES;
				CLANG_ENABLE_OBJC_ARC = YES;
				CLANG_WARN_BLOCK_CAPTURE_AUTORELEASING = YES;
				CLANG_WARN_BOOL_CONVERSION = YES;
				CLANG_WARN_COMMA = YES;
				CLANG_WARN_CONSTANT_CONVERSION = YES;
				CLANG_WARN_DIRECT_OBJC_ISA_USAGE = YES_ERROR;
				CLANG_WARN_EMPTY_BODY = YES;
				CLANG_WARN_ENUM_CONVERSION = YES;
				CLANG_WARN_INFINITE_RECURSION = YES;
				CLANG_WARN_INT_CONVERSION = YES;
				CLANG_WARN_NON_LITERAL_NULL_CONVERSION = YES;
				CLANG_WARN_OBJC_LITERAL_CONVERSION = YES;
				CLANG_WARN_OBJC_ROOT_CLASS = YES_ERROR;
				CLANG_WARN_RANGE_LOOP_ANALYSIS = YES;
				CLANG_WARN_STRICT_PROTOTYPES = YES;
				CLANG_WARN_SUSPICIOUS_MOVE = YES;
				CLANG_WARN_UNREACHABLE_CODE = YES;
				CLANG_WARN__DUPLICATE_METHOD_MATCH = YES;
				CODE_SIGN_IDENTITY = "iPhone Developer";
				"CODE_SIGN_IDENTITY[sdk=iphoneos*]" = "iPhone Developer";
				COPY_PHASE_STRIP = NO;
				ENABLE_STRICT_OBJC_MSGSEND = YES;
				ENABLE_TESTABILITY = YES;
				GCC_C_LANGUAGE_STANDARD = gnu99;
				GCC_DYNAMIC_NO_PIC = NO;
				GCC_NO_COMMON_BLOCKS = YES;
				GCC_OPTIMIZATION_LEVEL = 0;
				GCC_PREPROCESSOR_DEFINITIONS = (
					"DEBUG=1",
					"$(inherited)",
				);
				GCC_SYMBOLS_PRIVATE_EXTERN = NO;
				GCC_WARN_64_TO_32_BIT_CONVERSION = YES;
				GCC_WARN_ABOUT_RETURN_TYPE = YES_ERROR;
				GCC_WARN_UNDECLARED_SELECTOR = YES;
				GCC_WARN_UNINITIALIZED_AUTOS = YES_AGGRESSIVE;
				GCC_WARN_UNUSED_FUNCTION = YES;
				GCC_WARN_UNUSED_VARIABLE = YES;
				IPHONEOS_DEPLOYMENT_TARGET = 10.0;
				MTL_ENABLE_DEBUG_INFO = YES;
				ONLY_ACTIVE_ARCH = YES;
				SDKROOT = iphoneos;
				SWIFT_OPTIMIZATION_LEVEL = "-Onone";
				TARGETED_DEVICE_FAMILY = "1,2";
			};
			name = Debug;
		};
		A990753C1A18211800F245AC /* Release */ = {
			isa = XCBuildConfiguration;
			buildSettings = {
				ALWAYS_SEARCH_USER_PATHS = NO;
				CLANG_CXX_LANGUAGE_STANDARD = "gnu++0x";
				CLANG_CXX_LIBRARY = "libc++";
				CLANG_ENABLE_MODULES = YES;
				CLANG_ENABLE_OBJC_ARC = YES;
				CLANG_WARN_BLOCK_CAPTURE_AUTORELEASING = YES;
				CLANG_WARN_BOOL_CONVERSION = YES;
				CLANG_WARN_COMMA = YES;
				CLANG_WARN_CONSTANT_CONVERSION = YES;
				CLANG_WARN_DIRECT_OBJC_ISA_USAGE = YES_ERROR;
				CLANG_WARN_EMPTY_BODY = YES;
				CLANG_WARN_ENUM_CONVERSION = YES;
				CLANG_WARN_INFINITE_RECURSION = YES;
				CLANG_WARN_INT_CONVERSION = YES;
				CLANG_WARN_NON_LITERAL_NULL_CONVERSION = YES;
				CLANG_WARN_OBJC_LITERAL_CONVERSION = YES;
				CLANG_WARN_OBJC_ROOT_CLASS = YES_ERROR;
				CLANG_WARN_RANGE_LOOP_ANALYSIS = YES;
				CLANG_WARN_STRICT_PROTOTYPES = YES;
				CLANG_WARN_SUSPICIOUS_MOVE = YES;
				CLANG_WARN_UNREACHABLE_CODE = YES;
				CLANG_WARN__DUPLICATE_METHOD_MATCH = YES;
				CODE_SIGN_IDENTITY = "iPhone Distribution";
				"CODE_SIGN_IDENTITY[sdk=iphoneos*]" = "iPhone Distribution";
				COPY_PHASE_STRIP = YES;
				ENABLE_NS_ASSERTIONS = NO;
				ENABLE_STRICT_OBJC_MSGSEND = YES;
				GCC_C_LANGUAGE_STANDARD = gnu99;
				GCC_NO_COMMON_BLOCKS = YES;
				GCC_WARN_64_TO_32_BIT_CONVERSION = YES;
				GCC_WARN_ABOUT_RETURN_TYPE = YES_ERROR;
				GCC_WARN_UNDECLARED_SELECTOR = YES;
				GCC_WARN_UNINITIALIZED_AUTOS = YES_AGGRESSIVE;
				GCC_WARN_UNUSED_FUNCTION = YES;
				GCC_WARN_UNUSED_VARIABLE = YES;
				IPHONEOS_DEPLOYMENT_TARGET = 10.0;
				MTL_ENABLE_DEBUG_INFO = NO;
				SDKROOT = iphoneos;
				SWIFT_OPTIMIZATION_LEVEL = "-Owholemodule";
				TARGETED_DEVICE_FAMILY = "1,2";
				VALIDATE_PRODUCT = YES;
			};
			name = Release;
		};
		A990753E1A18211800F245AC /* Debug */ = {
			isa = XCBuildConfiguration;
			buildSettings = {
				ASSETCATALOG_COMPILER_APPICON_NAME = AppIcon;
				DEVELOPMENT_TEAM = CBKB3CSGF9;
				INFOPLIST_FILE = uDraw/Info.plist;
				LD_RUNPATH_SEARCH_PATHS = "$(inherited) @executable_path/Frameworks";
				PRODUCT_BUNDLE_IDENTIFIER = "com.BlueStars.$(PRODUCT_NAME:rfc1034identifier)";
				PRODUCT_NAME = "$(TARGET_NAME)";
				SWIFT_VERSION = 3.0;
				TARGETED_DEVICE_FAMILY = "1,2";
			};
			name = Debug;
		};
		A990753F1A18211800F245AC /* Release */ = {
			isa = XCBuildConfiguration;
			buildSettings = {
				ASSETCATALOG_COMPILER_APPICON_NAME = AppIcon;
				DEVELOPMENT_TEAM = CBKB3CSGF9;
				INFOPLIST_FILE = uDraw/Info.plist;
				LD_RUNPATH_SEARCH_PATHS = "$(inherited) @executable_path/Frameworks";
				PRODUCT_BUNDLE_IDENTIFIER = "com.BlueStars.$(PRODUCT_NAME:rfc1034identifier)";
				PRODUCT_NAME = "$(TARGET_NAME)";
				SWIFT_VERSION = 3.0;
				TARGETED_DEVICE_FAMILY = "1,2";
			};
			name = Release;
		};
		A99075411A18211800F245AC /* Debug */ = {
			isa = XCBuildConfiguration;
			buildSettings = {
				BUNDLE_LOADER = "$(TEST_HOST)";
				DEVELOPMENT_TEAM = CBKB3CSGF9;
				FRAMEWORK_SEARCH_PATHS = (
					"$(SDKROOT)/Developer/Library/Frameworks",
					"$(inherited)",
				);
				GCC_PREPROCESSOR_DEFINITIONS = (
					"DEBUG=1",
					"$(inherited)",
				);
				INFOPLIST_FILE = uDrawTests/Info.plist;
				LD_RUNPATH_SEARCH_PATHS = "$(inherited) @executable_path/Frameworks @loader_path/Frameworks";
				PRODUCT_BUNDLE_IDENTIFIER = "com.BlueStars.$(PRODUCT_NAME:rfc1034identifier)";
				PRODUCT_NAME = "$(TARGET_NAME)";
				SWIFT_VERSION = 3.0;
				TEST_HOST = "$(BUILT_PRODUCTS_DIR)/uDraw.app/uDraw";
			};
			name = Debug;
		};
		A99075421A18211800F245AC /* Release */ = {
			isa = XCBuildConfiguration;
			buildSettings = {
				BUNDLE_LOADER = "$(TEST_HOST)";
				DEVELOPMENT_TEAM = CBKB3CSGF9;
				FRAMEWORK_SEARCH_PATHS = (
					"$(SDKROOT)/Developer/Library/Frameworks",
					"$(inherited)",
				);
				INFOPLIST_FILE = uDrawTests/Info.plist;
				LD_RUNPATH_SEARCH_PATHS = "$(inherited) @executable_path/Frameworks @loader_path/Frameworks";
				PRODUCT_BUNDLE_IDENTIFIER = "com.BlueStars.$(PRODUCT_NAME:rfc1034identifier)";
				PRODUCT_NAME = "$(TARGET_NAME)";
				SWIFT_VERSION = 3.0;
				TEST_HOST = "$(BUILT_PRODUCTS_DIR)/uDraw.app/uDraw";
			};
			name = Release;
		};
/* End XCBuildConfiguration section */

/* Begin XCConfigurationList section */
		A99075191A18211800F245AC /* Build configuration list for PBXProject "uDraw" */ = {
			isa = XCConfigurationList;
			buildConfigurations = (
				A990753B1A18211800F245AC /* Debug */,
				A990753C1A18211800F245AC /* Release */,
			);
			defaultConfigurationIsVisible = 0;
			defaultConfigurationName = Release;
		};
		A990753D1A18211800F245AC /* Build configuration list for PBXNativeTarget "uDraw" */ = {
			isa = XCConfigurationList;
			buildConfigurations = (
				A990753E1A18211800F245AC /* Debug */,
				A990753F1A18211800F245AC /* Release */,
			);
			defaultConfigurationIsVisible = 0;
			defaultConfigurationName = Release;
		};
		A99075401A18211800F245AC /* Build configuration list for PBXNativeTarget "uDrawTests" */ = {
			isa = XCConfigurationList;
			buildConfigurations = (
				A99075411A18211800F245AC /* Debug */,
				A99075421A18211800F245AC /* Release */,
			);
			defaultConfigurationIsVisible = 0;
			defaultConfigurationName = Release;
		};
/* End XCConfigurationList section */
	};
	rootObject = A99075161A18211800F245AC /* Project object */;
}
